
Microsoft Visual Studio Solution File, Format Version 12.00
# Visual Studio 15
VisualStudioVersion = 15.0.26730.12
MinimumVisualStudioVersion = 10.0.40219.1
Project("{9A19103F-16F7-4668-BE54-9A1E7A4F7556}") = "dotless.Core", "dotless.Core\dotless.Core.csproj", "{D7A24E58-68D0-4B10-A324-EA33C822FA56}"
EndProject
Project("{9A19103F-16F7-4668-BE54-9A1E7A4F7556}") = "dotless.Test", "dotless.Test\dotless.Test.csproj", "{E18BD1BD-68E2-4D7F-B6D6-C100BDDE27E8}"
EndProject
Project("{2150E333-8FDC-42A3-9474-1A3956D46DE8}") = ".nuget", ".nuget", "{C91800D3-BFD5-4EAF-8521-3696F829FB57}"
	ProjectSection(SolutionItems) = preProject
		.nuget\packages.config = .nuget\packages.config
	EndProjectSection
EndProject
Global
	GlobalSection(SolutionConfigurationPlatforms) = preSolution
		Debug|Any CPU = Debug|Any CPU
		Release|Any CPU = Release|Any CPU
	EndGlobalSection
	GlobalSection(ProjectConfigurationPlatforms) = postSolution
		{D7A24E58-68D0-4B10-A324-EA33C822FA56}.Debug|Any CPU.ActiveCfg = Debug|Any CPU
		{D7A24E58-68D0-4B10-A324-EA33C822FA56}.Debug|Any CPU.Build.0 = Debug|Any CPU
		{D7A24E58-68D0-4B10-A324-EA33C822FA56}.Release|Any CPU.ActiveCfg = Release|Any CPU
		{D7A24E58-68D0-4B10-A324-EA33C822FA56}.Release|Any CPU.Build.0 = Release|Any CPU
		{E18BD1BD-68E2-4D7F-B6D6-C100BDDE27E8}.Debug|Any CPU.ActiveCfg = Debug|Any CPU
		{E18BD1BD-68E2-4D7F-B6D6-C100BDDE27E8}.Debug|Any CPU.Build.0 = Debug|Any CPU
		{E18BD1BD-68E2-4D7F-B6D6-C100BDDE27E8}.Release|Any CPU.ActiveCfg = Release|Any CPU
		{E18BD1BD-68E2-4D7F-B6D6-C100BDDE27E8}.Release|Any CPU.Build.0 = Release|Any CPU
	EndGlobalSection
	GlobalSection(SolutionProperties) = preSolution
		HideSolutionNode = FALSE
	EndGlobalSection
	GlobalSection(ExtensibilityGlobals) = postSolution
		SolutionGuid = {14F25F2A-7DF9-4E9A-9429-0D5A53C054A8}
	EndGlobalSection
EndGlobal
